
Microsoft Visual Studio Solution File, Format Version 12.00
# Visual Studio Version 17
VisualStudioVersion = 17.5.33530.505
MinimumVisualStudioVersion = 10.0.40219.1
Project("{FAE04EC0-301F-11D3-BF4B-00C04F79EFBC}") = "ImageProcessingApp", "ImageProcessingApp.csproj", "{9317D43B-081F-4F49-8953-07B5C4983E2E}"
EndProject
Global
	GlobalSection(SolutionConfigurationPlatforms) = preSolution
		Debug|Any CPU = Debug|Any CPU
		Release|Any CPU = Release|Any CPU
	EndGlobalSection
	GlobalSection(ProjectConfigurationPlatforms) = postSolution
		{9317D43B-081F-4F49-8953-07B5C4983E2E}.Debug|Any CPU.ActiveCfg = Debug|Any CPU
		{9317D43B-081F-4F49-8953-07B5C4983E2E}.Debug|Any CPU.Build.0 = Debug|Any CPU
		{9317D43B-081F-4F49-8953-07B5C4983E2E}.Release|Any CPU.ActiveCfg = Release|Any CPU
		{9317D43B-081F-4F49-8953-07B5C4983E2E}.Release|Any CPU.Build.0 = Release|Any CPU
	EndGlobalSection
	GlobalSection(SolutionProperties) = preSolution
		HideSolutionNode = FALSE
	EndGlobalSection
	GlobalSection(ExtensibilityGlobals) = postSolution
		SolutionGuid = {DAC7419C-3350-4570-9AE2-2528E15FE27F}
	EndGlobalSection
EndGlobal
